
Microsoft Visual Studio Solution File, Format Version 12.00
# Visual Studio 15
VisualStudioVersion = 15.0.26124.0
MinimumVisualStudioVersion = 15.0.26124.0
Project("{2150E333-8FDC-42A3-9474-1A3956D46DE8}") = "src", "src", "{5FEB04BE-887D-443F-B282-4FC67DA1A20C}"
EndProject
Project("{FAE04EC0-301F-11D3-BF4B-00C04F79EFBC}") = "SimpleAPI", "src\SimpleAPI\SimpleAPI.csproj", "{414F9A23-7170-47FA-B0F7-FE4BF2389F86}"
EndProject
Project("{2150E333-8FDC-42A3-9474-1A3956D46DE8}") = "test", "test", "{E0DF0CBB-82FF-4DFE-83DC-C309229AB074}"
EndProject
Project("{FAE04EC0-301F-11D3-BF4B-00C04F79EFBC}") = "SimpleAPI.Test", "test\SimpleAPI.Test\SimpleAPI.Test.csproj", "{AFAC3E22-191A-4368-AF44-D768DE25E1E7}"
EndProject
Global
	GlobalSection(SolutionConfigurationPlatforms) = preSolution
		Debug|Any CPU = Debug|Any CPU
		Debug|x64 = Debug|x64
		Debug|x86 = Debug|x86
		Release|Any CPU = Release|Any CPU
		Release|x64 = Release|x64
		Release|x86 = Release|x86
	EndGlobalSection
	GlobalSection(SolutionProperties) = preSolution
		HideSolutionNode = FALSE
	EndGlobalSection
	GlobalSection(ProjectConfigurationPlatforms) = postSolution
		{414F9A23-7170-47FA-B0F7-FE4BF2389F86}.Debug|Any CPU.ActiveCfg = Debug|Any CPU
		{414F9A23-7170-47FA-B0F7-FE4BF2389F86}.Debug|Any CPU.Build.0 = Debug|Any CPU
		{414F9A23-7170-47FA-B0F7-FE4BF2389F86}.Debug|x64.ActiveCfg = Debug|Any CPU
		{414F9A23-7170-47FA-B0F7-FE4BF2389F86}.Debug|x64.Build.0 = Debug|Any CPU
		{414F9A23-7170-47FA-B0F7-FE4BF2389F86}.Debug|x86.ActiveCfg = Debug|Any CPU
		{414F9A23-7170-47FA-B0F7-FE4BF2389F86}.Debug|x86.Build.0 = Debug|Any CPU
		{414F9A23-7170-47FA-B0F7-FE4BF2389F86}.Release|Any CPU.ActiveCfg = Release|Any CPU
		{414F9A23-7170-47FA-B0F7-FE4BF2389F86}.Release|Any CPU.Build.0 = Release|Any CPU
		{414F9A23-7170-47FA-B0F7-FE4BF2389F86}.Release|x64.ActiveCfg = Release|Any CPU
		{414F9A23-7170-47FA-B0F7-FE4BF2389F86}.Release|x64.Build.0 = Release|Any CPU
		{414F9A23-7170-47FA-B0F7-FE4BF2389F86}.Release|x86.ActiveCfg = Release|Any CPU
		{414F9A23-7170-47FA-B0F7-FE4BF2389F86}.Release|x86.Build.0 = Release|Any CPU
		{AFAC3E22-191A-4368-AF44-D768DE25E1E7}.Debug|Any CPU.ActiveCfg = Debug|Any CPU
		{AFAC3E22-191A-4368-AF44-D768DE25E1E7}.Debug|Any CPU.Build.0 = Debug|Any CPU
		{AFAC3E22-191A-4368-AF44-D768DE25E1E7}.Debug|x64.ActiveCfg = Debug|Any CPU
		{AFAC3E22-191A-4368-AF44-D768DE25E1E7}.Debug|x64.Build.0 = Debug|Any CPU
		{AFAC3E22-191A-4368-AF44-D768DE25E1E7}.Debug|x86.ActiveCfg = Debug|Any CPU
		{AFAC3E22-191A-4368-AF44-D768DE25E1E7}.Debug|x86.Build.0 = Debug|Any CPU
		{AFAC3E22-191A-4368-AF44-D768DE25E1E7}.Release|Any CPU.ActiveCfg = Release|Any CPU
		{AFAC3E22-191A-4368-AF44-D768DE25E1E7}.Release|Any CPU.Build.0 = Release|Any CPU
		{AFAC3E22-191A-4368-AF44-D768DE25E1E7}.Release|x64.ActiveCfg = Release|Any CPU
		{AFAC3E22-191A-4368-AF44-D768DE25E1E7}.Release|x64.Build.0 = Release|Any CPU
		{AFAC3E22-191A-4368-AF44-D768DE25E1E7}.Release|x86.ActiveCfg = Release|Any CPU
		{AFAC3E22-191A-4368-AF44-D768DE25E1E7}.Release|x86.Build.0 = Release|Any CPU
	EndGlobalSection
	GlobalSection(NestedProjects) = preSolution
		{414F9A23-7170-47FA-B0F7-FE4BF2389F86} = {5FEB04BE-887D-443F-B282-4FC67DA1A20C}
		{AFAC3E22-191A-4368-AF44-D768DE25E1E7} = {E0DF0CBB-82FF-4DFE-83DC-C309229AB074}
	EndGlobalSection
EndGlobal
